
Microsoft Visual Studio Solution File, Format Version 12.00
# Visual Studio 15
VisualStudioVersion = 15.0.28307.572
MinimumVisualStudioVersion = 10.0.40219.1
Project("{FAE04EC0-301F-11D3-BF4B-00C04F79EFBC}") = "TIBCO.EFTL", "TIBCO.EFTL.csproj", "{AEEBDB4E-6D21-4D79-801D-E1CD71B1D3DD}"
EndProject
Global
	GlobalSection(SolutionConfigurationPlatforms) = preSolution
		Debug|Any CPU = Debug|Any CPU
		Release|Any CPU = Release|Any CPU
	EndGlobalSection
	GlobalSection(ProjectConfigurationPlatforms) = postSolution
		{AEEBDB4E-6D21-4D79-801D-E1CD71B1D3DD}.Debug|Any CPU.ActiveCfg = Debug|Any CPU
		{AEEBDB4E-6D21-4D79-801D-E1CD71B1D3DD}.Debug|Any CPU.Build.0 = Debug|Any CPU
		{AEEBDB4E-6D21-4D79-801D-E1CD71B1D3DD}.Release|Any CPU.ActiveCfg = Release|Any CPU
		{AEEBDB4E-6D21-4D79-801D-E1CD71B1D3DD}.Release|Any CPU.Build.0 = Release|Any CPU
	EndGlobalSection
	GlobalSection(SolutionProperties) = preSolution
		HideSolutionNode = FALSE
	EndGlobalSection
	GlobalSection(ExtensibilityGlobals) = postSolution
		SolutionGuid = {6A34AA2E-6E11-4EA3-80E4-6078B2BBBEA4}
	EndGlobalSection
EndGlobal
