// !$*UTF8*$!
{
	archiveVersion = 1;
	classes = {
	};
	objectVersion = 46;
	objects = {

/* Begin PBXAggregateTarget section */
		BF11E840174D93BF00A52E85 /* eftl-iOS */ = {
			isa = PBXAggregateTarget;
			buildConfigurationList = BF11E843174D93BF00A52E85 /* Build configuration list for PBXAggregateTarget "eftl-iOS" */;
			buildPhases = (
				BF11E844174D93E600A52E85 /* Build Static Libs */,
				BF11E845174D94AF00A52E85 /* Build Universal Binary */,
				BF11E846174D956D00A52E85 /* CopyFiles */,
			);
			dependencies = (
			);
			name = "eftl-iOS";
			productName = "eftl-iOS";
		};
/* End PBXAggregateTarget section */

/* Begin PBXBuildFile section */
		BF11E847174D95AF00A52E85 /* eFTL.h in CopyFiles */ = {isa = PBXBuildFile; fileRef = C3E8F621174D709C00BB97F4 /* eFTL.h */; };
		BF11E848174D95AF00A52E85 /* eFTLMessage.h in CopyFiles */ = {isa = PBXBuildFile; fileRef = C3E8F623174D709C00BB97F4 /* eFTLMessage.h */; };
		BF11E849174D95AF00A52E85 /* eFTLConnection.h in CopyFiles */ = {isa = PBXBuildFile; fileRef = C3E8F625174D709C00BB97F4 /* eFTLConnection.h */; };
		BF11E84A174D95AF00A52E85 /* eFTLConnectionListener.h in CopyFiles */ = {isa = PBXBuildFile; fileRef = C3E8F627174D709C00BB97F4 /* eFTLConnectionListener.h */; };
		BF11E84B174D95AF00A52E85 /* eFTLSubscriptionListener.h in CopyFiles */ = {isa = PBXBuildFile; fileRef = C3E8F628174D709C00BB97F4 /* eFTLSubscriptionListener.h */; };
		BF247388180EF98600BAE4C1 /* server.cer in Resources */ = {isa = PBXBuildFile; fileRef = BF201D78180EF7310080C2BE /* server.cer */; };
		BF4526141776656200BCA5C8 /* SenTestingKit.framework in Frameworks */ = {isa = PBXBuildFile; fileRef = BF4526131776656200BCA5C8 /* SenTestingKit.framework */; };
		BF4526161776656200BCA5C8 /* UIKit.framework in Frameworks */ = {isa = PBXBuildFile; fileRef = BF4526151776656200BCA5C8 /* UIKit.framework */; };
		BF4526171776656200BCA5C8 /* Foundation.framework in Frameworks */ = {isa = PBXBuildFile; fileRef = C3BDB971174D705300453A40 /* Foundation.framework */; };
		BF45261D1776656200BCA5C8 /* InfoPlist.strings in Resources */ = {isa = PBXBuildFile; fileRef = BF45261B1776656200BCA5C8 /* InfoPlist.strings */; };
		BF4526201776656200BCA5C8 /* eftl_tests.m in Sources */ = {isa = PBXBuildFile; fileRef = BF45261F1776656200BCA5C8 /* eftl_tests.m */; };
		BF5BAC34177C0F2C00CCC3A5 /* CFNetwork.framework in Frameworks */ = {isa = PBXBuildFile; fileRef = BF5BAC33177C0F2C00CCC3A5 /* CFNetwork.framework */; };
		BF5BAC36177C0F3900CCC3A5 /* Security.framework in Frameworks */ = {isa = PBXBuildFile; fileRef = BF5BAC35177C0F3900CCC3A5 /* Security.framework */; };
		BF5BAC38177C0F7000CCC3A5 /* libicucore.dylib in Frameworks */ = {isa = PBXBuildFile; fileRef = BF5BAC37177C0F7000CCC3A5 /* libicucore.dylib */; };
		BF85F8111B6C1583007B839F /* eFTLCompletionListener.h in CopyFiles */ = {isa = PBXBuildFile; fileRef = BF85F8101B6C1583007B839F /* eFTLCompletionListener.h */; };
		C3BDB972174D705300453A40 /* Foundation.framework in Frameworks */ = {isa = PBXBuildFile; fileRef = C3BDB971174D705300453A40 /* Foundation.framework */; };
		C3E8F630174D709C00BB97F4 /* eFTL.m in Sources */ = {isa = PBXBuildFile; fileRef = C3E8F622174D709C00BB97F4 /* eFTL.m */; };
		C3E8F631174D709C00BB97F4 /* eFTLMessage.m in Sources */ = {isa = PBXBuildFile; fileRef = C3E8F624174D709C00BB97F4 /* eFTLMessage.m */; };
		C3E8F632174D709C00BB97F4 /* eFTLConnection.m in Sources */ = {isa = PBXBuildFile; fileRef = C3E8F626174D709C00BB97F4 /* eFTLConnection.m */; };
		C3E8F635174D709C00BB97F4 /* SRWebSocket.m in Sources */ = {isa = PBXBuildFile; fileRef = C3E8F62F174D709C00BB97F4 /* SRWebSocket.m */; };
/* End PBXBuildFile section */

/* Begin PBXContainerItemProxy section */
		BF4526251776658F00BCA5C8 /* PBXContainerItemProxy */ = {
			isa = PBXContainerItemProxy;
			containerPortal = C3BDB966174D705300453A40 /* Project object */;
			proxyType = 1;
			remoteGlobalIDString = C3BDB96D174D705300453A40;
			remoteInfo = eftl;
		};
/* End PBXContainerItemProxy section */

/* Begin PBXCopyFilesBuildPhase section */
		BF11E846174D956D00A52E85 /* CopyFiles */ = {
			isa = PBXCopyFilesBuildPhase;
			buildActionMask = 2147483647;
			dstPath = "${BUILD_DIR}/${CONFIGURATION}-iphoneuniversal/${PRODUCT_NAME}.framework/Versions/A/Headers/";
			dstSubfolderSpec = 0;
			files = (
				BF11E847174D95AF00A52E85 /* eFTL.h in CopyFiles */,
				BF85F8111B6C1583007B839F /* eFTLCompletionListener.h in CopyFiles */,
				BF11E848174D95AF00A52E85 /* eFTLMessage.h in CopyFiles */,
				BF11E849174D95AF00A52E85 /* eFTLConnection.h in CopyFiles */,
				BF11E84A174D95AF00A52E85 /* eFTLConnectionListener.h in CopyFiles */,
				BF11E84B174D95AF00A52E85 /* eFTLSubscriptionListener.h in CopyFiles */,
			);
			runOnlyForDeploymentPostprocessing = 0;
		};
		C3BDB96C174D705300453A40 /* CopyFiles */ = {
			isa = PBXCopyFilesBuildPhase;
			buildActionMask = 2147483647;
			dstPath = "include/${PRODUCT_NAME}";
			dstSubfolderSpec = 16;
			files = (
			);
			runOnlyForDeploymentPostprocessing = 0;
		};
/* End PBXCopyFilesBuildPhase section */

/* Begin PBXFileReference section */
		3859C48817975DA20077A270 /* version.h */ = {isa = PBXFileReference; fileEncoding = 4; lastKnownFileType = sourcecode.c.h; name = version.h; path = ../version.h; sourceTree = BUILT_PRODUCTS_DIR; };
		BF201D78180EF7310080C2BE /* server.cer */ = {isa = PBXFileReference; lastKnownFileType = file; path = server.cer; sourceTree = "<group>"; };
		BF4526121776656200BCA5C8 /* eftl-tests.octest */ = {isa = PBXFileReference; explicitFileType = wrapper.cfbundle; includeInIndex = 0; path = "eftl-tests.octest"; sourceTree = BUILT_PRODUCTS_DIR; };
		BF4526131776656200BCA5C8 /* SenTestingKit.framework */ = {isa = PBXFileReference; lastKnownFileType = wrapper.framework; name = SenTestingKit.framework; path = Library/Frameworks/SenTestingKit.framework; sourceTree = DEVELOPER_DIR; };
		BF4526151776656200BCA5C8 /* UIKit.framework */ = {isa = PBXFileReference; lastKnownFileType = wrapper.framework; name = UIKit.framework; path = Library/Frameworks/UIKit.framework; sourceTree = DEVELOPER_DIR; };
		BF45261A1776656200BCA5C8 /* eftl-tests-Info.plist */ = {isa = PBXFileReference; lastKnownFileType = text.plist.xml; path = "eftl-tests-Info.plist"; sourceTree = "<group>"; };
		BF45261C1776656200BCA5C8 /* en */ = {isa = PBXFileReference; lastKnownFileType = text.plist.strings; name = en; path = en.lproj/InfoPlist.strings; sourceTree = "<group>"; };
		BF45261E1776656200BCA5C8 /* eftl_tests.h */ = {isa = PBXFileReference; lastKnownFileType = sourcecode.c.h; path = eftl_tests.h; sourceTree = "<group>"; };
		BF45261F1776656200BCA5C8 /* eftl_tests.m */ = {isa = PBXFileReference; lastKnownFileType = sourcecode.c.objc; path = eftl_tests.m; sourceTree = "<group>"; };
		BF4526211776656200BCA5C8 /* eftl-tests-Prefix.pch */ = {isa = PBXFileReference; lastKnownFileType = sourcecode.c.h; path = "eftl-tests-Prefix.pch"; sourceTree = "<group>"; };
		BF5BAC33177C0F2C00CCC3A5 /* CFNetwork.framework */ = {isa = PBXFileReference; lastKnownFileType = wrapper.framework; name = CFNetwork.framework; path = System/Library/Frameworks/CFNetwork.framework; sourceTree = SDKROOT; };
		BF5BAC35177C0F3900CCC3A5 /* Security.framework */ = {isa = PBXFileReference; lastKnownFileType = wrapper.framework; name = Security.framework; path = System/Library/Frameworks/Security.framework; sourceTree = SDKROOT; };
		BF5BAC37177C0F7000CCC3A5 /* libicucore.dylib */ = {isa = PBXFileReference; lastKnownFileType = "compiled.mach-o.dylib"; name = libicucore.dylib; path = usr/lib/libicucore.dylib; sourceTree = SDKROOT; };
		BF85F8101B6C1583007B839F /* eFTLCompletionListener.h */ = {isa = PBXFileReference; fileEncoding = 4; lastKnownFileType = sourcecode.c.h; name = eFTLCompletionListener.h; path = Headers/eFTLCompletionListener.h; sourceTree = SOURCE_ROOT; };
		C3BDB96E174D705300453A40 /* libeftl.a */ = {isa = PBXFileReference; explicitFileType = archive.ar; includeInIndex = 0; path = libeftl.a; sourceTree = BUILT_PRODUCTS_DIR; };
		C3BDB971174D705300453A40 /* Foundation.framework */ = {isa = PBXFileReference; lastKnownFileType = wrapper.framework; name = Foundation.framework; path = System/Library/Frameworks/Foundation.framework; sourceTree = SDKROOT; };
		C3E8F621174D709C00BB97F4 /* eFTL.h */ = {isa = PBXFileReference; fileEncoding = 4; lastKnownFileType = sourcecode.c.h; name = eFTL.h; path = Headers/eFTL.h; sourceTree = SOURCE_ROOT; };
		C3E8F622174D709C00BB97F4 /* eFTL.m */ = {isa = PBXFileReference; fileEncoding = 4; lastKnownFileType = sourcecode.c.objc; name = eFTL.m; path = Classes/eFTL.m; sourceTree = SOURCE_ROOT; };
		C3E8F623174D709C00BB97F4 /* eFTLMessage.h */ = {isa = PBXFileReference; fileEncoding = 4; lastKnownFileType = sourcecode.c.h; name = eFTLMessage.h; path = Headers/eFTLMessage.h; sourceTree = SOURCE_ROOT; };
		C3E8F624174D709C00BB97F4 /* eFTLMessage.m */ = {isa = PBXFileReference; fileEncoding = 4; lastKnownFileType = sourcecode.c.objc; name = eFTLMessage.m; path = Classes/eFTLMessage.m; sourceTree = SOURCE_ROOT; };
		C3E8F625174D709C00BB97F4 /* eFTLConnection.h */ = {isa = PBXFileReference; fileEncoding = 4; lastKnownFileType = sourcecode.c.h; name = eFTLConnection.h; path = Headers/eFTLConnection.h; sourceTree = SOURCE_ROOT; };
		C3E8F626174D709C00BB97F4 /* eFTLConnection.m */ = {isa = PBXFileReference; fileEncoding = 4; lastKnownFileType = sourcecode.c.objc; name = eFTLConnection.m; path = Classes/eFTLConnection.m; sourceTree = SOURCE_ROOT; };
		C3E8F627174D709C00BB97F4 /* eFTLConnectionListener.h */ = {isa = PBXFileReference; fileEncoding = 4; lastKnownFileType = sourcecode.c.h; name = eFTLConnectionListener.h; path = Headers/eFTLConnectionListener.h; sourceTree = SOURCE_ROOT; };
		C3E8F628174D709C00BB97F4 /* eFTLSubscriptionListener.h */ = {isa = PBXFileReference; fileEncoding = 4; lastKnownFileType = sourcecode.c.h; name = eFTLSubscriptionListener.h; path = Headers/eFTLSubscriptionListener.h; sourceTree = SOURCE_ROOT; };
		C3E8F62E174D709C00BB97F4 /* SRWebSocket.h */ = {isa = PBXFileReference; fileEncoding = 4; lastKnownFileType = sourcecode.c.h; path = SRWebSocket.h; sourceTree = "<group>"; };
		C3E8F62F174D709C00BB97F4 /* SRWebSocket.m */ = {isa = PBXFileReference; fileEncoding = 4; lastKnownFileType = sourcecode.c.objc; path = SRWebSocket.m; sourceTree = "<group>"; };
/* End PBXFileReference section */

/* Begin PBXFrameworksBuildPhase section */
		BF45260E1776656200BCA5C8 /* Frameworks */ = {
			isa = PBXFrameworksBuildPhase;
			buildActionMask = 2147483647;
			files = (
				BF5BAC38177C0F7000CCC3A5 /* libicucore.dylib in Frameworks */,
				BF5BAC36177C0F3900CCC3A5 /* Security.framework in Frameworks */,
				BF5BAC34177C0F2C00CCC3A5 /* CFNetwork.framework in Frameworks */,
				BF4526141776656200BCA5C8 /* SenTestingKit.framework in Frameworks */,
				BF4526161776656200BCA5C8 /* UIKit.framework in Frameworks */,
				BF4526171776656200BCA5C8 /* Foundation.framework in Frameworks */,
			);
			runOnlyForDeploymentPostprocessing = 0;
		};
		C3BDB96B174D705300453A40 /* Frameworks */ = {
			isa = PBXFrameworksBuildPhase;
			buildActionMask = 2147483647;
			files = (
				C3BDB972174D705300453A40 /* Foundation.framework in Frameworks */,
			);
			runOnlyForDeploymentPostprocessing = 0;
		};
/* End PBXFrameworksBuildPhase section */

/* Begin PBXGroup section */
		BF4526181776656200BCA5C8 /* Tests */ = {
			isa = PBXGroup;
			children = (
				BF201D78180EF7310080C2BE /* server.cer */,
				BF45261E1776656200BCA5C8 /* eftl_tests.h */,
				BF45261F1776656200BCA5C8 /* eftl_tests.m */,
				BF4526191776656200BCA5C8 /* Supporting Files */,
			);
			path = Tests;
			sourceTree = "<group>";
		};
		BF4526191776656200BCA5C8 /* Supporting Files */ = {
			isa = PBXGroup;
			children = (
				BF45261A1776656200BCA5C8 /* eftl-tests-Info.plist */,
				BF45261B1776656200BCA5C8 /* InfoPlist.strings */,
				BF4526211776656200BCA5C8 /* eftl-tests-Prefix.pch */,
			);
			name = "Supporting Files";
			sourceTree = "<group>";
		};
		C3BDB965174D705300453A40 = {
			isa = PBXGroup;
			children = (
				3859C48817975DA20077A270 /* version.h */,
				BF5BAC37177C0F7000CCC3A5 /* libicucore.dylib */,
				BF5BAC35177C0F3900CCC3A5 /* Security.framework */,
				BF5BAC33177C0F2C00CCC3A5 /* CFNetwork.framework */,
				C3BDB973174D705300453A40 /* eftl */,
				BF4526181776656200BCA5C8 /* Tests */,
				C3BDB970174D705300453A40 /* Frameworks */,
				C3BDB96F174D705300453A40 /* Products */,
			);
			sourceTree = "<group>";
		};
		C3BDB96F174D705300453A40 /* Products */ = {
			isa = PBXGroup;
			children = (
				C3BDB96E174D705300453A40 /* libeftl.a */,
				BF4526121776656200BCA5C8 /* eftl-tests.octest */,
			);
			name = Products;
			sourceTree = "<group>";
		};
		C3BDB970174D705300453A40 /* Frameworks */ = {
			isa = PBXGroup;
			children = (
				C3BDB971174D705300453A40 /* Foundation.framework */,
				BF4526131776656200BCA5C8 /* SenTestingKit.framework */,
				BF4526151776656200BCA5C8 /* UIKit.framework */,
			);
			name = Frameworks;
			sourceTree = "<group>";
		};
		C3BDB973174D705300453A40 /* eftl */ = {
			isa = PBXGroup;
			children = (
				C3E8F621174D709C00BB97F4 /* eFTL.h */,
				C3E8F622174D709C00BB97F4 /* eFTL.m */,
				C3E8F623174D709C00BB97F4 /* eFTLMessage.h */,
				C3E8F624174D709C00BB97F4 /* eFTLMessage.m */,
				BF85F8101B6C1583007B839F /* eFTLCompletionListener.h */,
				C3E8F625174D709C00BB97F4 /* eFTLConnection.h */,
				C3E8F626174D709C00BB97F4 /* eFTLConnection.m */,
				C3E8F627174D709C00BB97F4 /* eFTLConnectionListener.h */,
				C3E8F628174D709C00BB97F4 /* eFTLSubscriptionListener.h */,
				C3E8F629174D709C00BB97F4 /* SocketRocket */,
				C3BDB974174D705300453A40 /* Supporting Files */,
			);
			path = eftl;
			sourceTree = "<group>";
		};
		C3BDB974174D705300453A40 /* Supporting Files */ = {
			isa = PBXGroup;
			children = (
			);
			name = "Supporting Files";
			sourceTree = "<group>";
		};
		C3E8F629174D709C00BB97F4 /* SocketRocket */ = {
			isa = PBXGroup;
			children = (
				C3E8F62E174D709C00BB97F4 /* SRWebSocket.h */,
				C3E8F62F174D709C00BB97F4 /* SRWebSocket.m */,
			);
			name = SocketRocket;
			path = Classes/SocketRocket;
			sourceTree = SOURCE_ROOT;
		};
/* End PBXGroup section */

/* Begin PBXNativeTarget section */
		BF4526111776656200BCA5C8 /* eftl-tests */ = {
			isa = PBXNativeTarget;
			buildConfigurationList = BF4526241776656200BCA5C8 /* Build configuration list for PBXNativeTarget "eftl-tests" */;
			buildPhases = (
				BF45260D1776656200BCA5C8 /* Sources */,
				BF45260E1776656200BCA5C8 /* Frameworks */,
				BF45260F1776656200BCA5C8 /* Resources */,
				BF4526101776656200BCA5C8 /* ShellScript */,
			);
			buildRules = (
			);
			dependencies = (
				BF4526261776658F00BCA5C8 /* PBXTargetDependency */,
			);
			name = "eftl-tests";
			productName = "eftl-tests";
			productReference = BF4526121776656200BCA5C8 /* eftl-tests.octest */;
			productType = "com.apple.product-type.bundle.ocunit-test";
		};
		C3BDB96D174D705300453A40 /* eftl */ = {
			isa = PBXNativeTarget;
			buildConfigurationList = C3BDB97C174D705300453A40 /* Build configuration list for PBXNativeTarget "eftl" */;
			buildPhases = (
				C3BDB96A174D705300453A40 /* Sources */,
				C3BDB96B174D705300453A40 /* Frameworks */,
				C3BDB96C174D705300453A40 /* CopyFiles */,
			);
			buildRules = (
			);
			dependencies = (
			);
			name = eftl;
			productName = eftl;
			productReference = C3BDB96E174D705300453A40 /* libeftl.a */;
			productType = "com.apple.product-type.library.static";
		};
/* End PBXNativeTarget section */

/* Begin PBXProject section */
		C3BDB966174D705300453A40 /* Project object */ = {
			isa = PBXProject;
			attributes = {
				LastTestingUpgradeCheck = 0640;
				LastUpgradeCheck = 0640;
				ORGANIZATIONNAME = "TIBCO Software Inc.";
			};
			buildConfigurationList = C3BDB969174D705300453A40 /* Build configuration list for PBXProject "eftl" */;
			compatibilityVersion = "Xcode 3.2";
			developmentRegion = English;
			hasScannedForEncodings = 0;
			knownRegions = (
				English,
				en,
			);
			mainGroup = C3BDB965174D705300453A40;
			productRefGroup = C3BDB96F174D705300453A40 /* Products */;
			projectDirPath = "";
			projectRoot = "";
			targets = (
				C3BDB96D174D705300453A40 /* eftl */,
				BF11E840174D93BF00A52E85 /* eftl-iOS */,
				BF4526111776656200BCA5C8 /* eftl-tests */,
			);
		};
/* End PBXProject section */

/* Begin PBXResourcesBuildPhase section */
		BF45260F1776656200BCA5C8 /* Resources */ = {
			isa = PBXResourcesBuildPhase;
			buildActionMask = 2147483647;
			files = (
				BF45261D1776656200BCA5C8 /* InfoPlist.strings in Resources */,
				BF247388180EF98600BAE4C1 /* server.cer in Resources */,
			);
			runOnlyForDeploymentPostprocessing = 0;
		};
/* End PBXResourcesBuildPhase section */

/* Begin PBXShellScriptBuildPhase section */
		BF11E844174D93E600A52E85 /* Build Static Libs */ = {
			isa = PBXShellScriptBuildPhase;
			buildActionMask = 2147483647;
			files = (
			);
			inputPaths = (
			);
			name = "Build Static Libs";
			outputPaths = (
			);
			runOnlyForDeploymentPostprocessing = 0;
			shellPath = /bin/sh;
			shellScript = "xcodebuild -project ${PROJECT_NAME}.xcodeproj -sdk iphonesimulator -target ${PROJECT_NAME} -configuration ${CONFIGURATION} clean build CONFIGURATION_BUILD_DIR=${BUILD_DIR}/${CONFIGURATION}-iphonesimulator\n\nxcodebuild -project ${PROJECT_NAME}.xcodeproj -sdk iphoneos -target ${PROJECT_NAME} -configuration ${CONFIGURATION} clean build CONFIGURATION_BUILD_DIR=${BUILD_DIR}/${CONFIGURATION}-iphoneos\n";
		};
		BF11E845174D94AF00A52E85 /* Build Universal Binary */ = {
			isa = PBXShellScriptBuildPhase;
			buildActionMask = 2147483647;
			files = (
			);
			inputPaths = (
			);
			name = "Build Universal Binary";
			outputPaths = (
			);
			runOnlyForDeploymentPostprocessing = 0;
			shellPath = /bin/sh;
			shellScript = "SIMULATOR_LIBRARY_PATH=\"${BUILD_DIR}/${CONFIGURATION}-iphonesimulator/lib${PROJECT_NAME}.a\" &&\nDEVICE_LIBRARY_PATH=\"${BUILD_DIR}/${CONFIGURATION}-iphoneos/lib${PROJECT_NAME}.a\" &&\nUNIVERSAL_LIBRARY_DIR=\"${BUILD_DIR}/${CONFIGURATION}-iphoneuniversal\" &&\nUNIVERSAL_LIBRARY_PATH=\"${UNIVERSAL_LIBRARY_DIR}/${PRODUCT_NAME}\" &&\nFRAMEWORK=\"${UNIVERSAL_LIBRARY_DIR}/${PRODUCT_NAME}.framework\" &&\n\n# Create framework directory structure.\nrm -rf \"${FRAMEWORK}\" &&\nmkdir -p \"${UNIVERSAL_LIBRARY_DIR}\" &&\nmkdir -p \"${FRAMEWORK}/Versions/A/Headers\" &&\nmkdir -p \"${FRAMEWORK}/Versions/A/Resources\" &&\n\n# Generate universal binary for the device and simulator.\nlipo \"${SIMULATOR_LIBRARY_PATH}\" \"${DEVICE_LIBRARY_PATH}\" -create -output \"${UNIVERSAL_LIBRARY_PATH}\" &&\n\n# Move files to appropriate locations in framework paths.\ncp \"${UNIVERSAL_LIBRARY_PATH}\" \"${FRAMEWORK}/Versions/A\" &&\nln -s \"A\" \"${FRAMEWORK}/Versions/Current\" &&\nln -s \"Versions/Current/Headers\" \"${FRAMEWORK}/Headers\" &&\nln -s \"Versions/Current/Resources\" \"${FRAMEWORK}/Resources\" &&\nln -s \"Versions/Current/${PRODUCT_NAME}\" \"${FRAMEWORK}/${PRODUCT_NAME}\"\n";
		};
		BF4526101776656200BCA5C8 /* ShellScript */ = {
			isa = PBXShellScriptBuildPhase;
			buildActionMask = 2147483647;
			files = (
			);
			inputPaths = (
			);
			outputPaths = (
			);
			runOnlyForDeploymentPostprocessing = 0;
			shellPath = /bin/sh;
			shellScript = "# Run the unit tests in this test bundle.\n\"${SYSTEM_DEVELOPER_DIR}/Tools/RunUnitTests\"\n";
		};
/* End PBXShellScriptBuildPhase section */

/* Begin PBXSourcesBuildPhase section */
		BF45260D1776656200BCA5C8 /* Sources */ = {
			isa = PBXSourcesBuildPhase;
			buildActionMask = 2147483647;
			files = (
				BF4526201776656200BCA5C8 /* eftl_tests.m in Sources */,
			);
			runOnlyForDeploymentPostprocessing = 0;
		};
		C3BDB96A174D705300453A40 /* Sources */ = {
			isa = PBXSourcesBuildPhase;
			buildActionMask = 2147483647;
			files = (
				C3E8F630174D709C00BB97F4 /* eFTL.m in Sources */,
				C3E8F631174D709C00BB97F4 /* eFTLMessage.m in Sources */,
				C3E8F632174D709C00BB97F4 /* eFTLConnection.m in Sources */,
				C3E8F635174D709C00BB97F4 /* SRWebSocket.m in Sources */,
			);
			runOnlyForDeploymentPostprocessing = 0;
		};
/* End PBXSourcesBuildPhase section */

/* Begin PBXTargetDependency section */
		BF4526261776658F00BCA5C8 /* PBXTargetDependency */ = {
			isa = PBXTargetDependency;
			target = C3BDB96D174D705300453A40 /* eftl */;
			targetProxy = BF4526251776658F00BCA5C8 /* PBXContainerItemProxy */;
		};
/* End PBXTargetDependency section */

/* Begin PBXVariantGroup section */
		BF45261B1776656200BCA5C8 /* InfoPlist.strings */ = {
			isa = PBXVariantGroup;
			children = (
				BF45261C1776656200BCA5C8 /* en */,
			);
			name = InfoPlist.strings;
			sourceTree = "<group>";
		};
/* End PBXVariantGroup section */

/* Begin XCBuildConfiguration section */
		BF11E841174D93BF00A52E85 /* Debug */ = {
			isa = XCBuildConfiguration;
			buildSettings = {
				"EXCLUDED_ARCHS[sdk=iphonesimulator*]" = arm64;
				ONLY_ACTIVE_ARCH = NO;
				PRODUCT_NAME = eFTL;
			};
			name = Debug;
		};
		BF11E842174D93BF00A52E85 /* Release */ = {
			isa = XCBuildConfiguration;
			buildSettings = {
				"EXCLUDED_ARCHS[sdk=iphonesimulator*]" = arm64;
				PRODUCT_NAME = eFTL;
			};
			name = Release;
		};
		BF4526221776656200BCA5C8 /* Debug */ = {
			isa = XCBuildConfiguration;
			buildSettings = {
				BUNDLE_LOADER = "$(BUILT_PRODUCTS_DIR)/libeftl.a";
				FRAMEWORK_SEARCH_PATHS = (
					"\"$(SDKROOT)/Developer/Library/Frameworks\"",
					"\"$(DEVELOPER_LIBRARY_DIR)/Frameworks\"",
				);
				GCC_PRECOMPILE_PREFIX_HEADER = YES;
				GCC_PREFIX_HEADER = "Tests/eftl-tests-Prefix.pch";
				INFOPLIST_FILE = "Tests/eftl-tests-Info.plist";
				OTHER_LDFLAGS = "-ObjC";
				PRODUCT_NAME = "$(TARGET_NAME)";
				TEST_HOST = "$(BUNDLE_LOADER)";
				WRAPPER_EXTENSION = octest;
			};
			name = Debug;
		};
		BF4526231776656200BCA5C8 /* Release */ = {
			isa = XCBuildConfiguration;
			buildSettings = {
				BUNDLE_LOADER = "$(BUILT_PRODUCTS_DIR)/libeftl.a";
				FRAMEWORK_SEARCH_PATHS = (
					"\"$(SDKROOT)/Developer/Library/Frameworks\"",
					"\"$(DEVELOPER_LIBRARY_DIR)/Frameworks\"",
				);
				GCC_PRECOMPILE_PREFIX_HEADER = YES;
				GCC_PREFIX_HEADER = "Tests/eftl-tests-Prefix.pch";
				INFOPLIST_FILE = "Tests/eftl-tests-Info.plist";
				OTHER_LDFLAGS = "-ObjC";
				PRODUCT_NAME = "$(TARGET_NAME)";
				TEST_HOST = "$(BUNDLE_LOADER)";
				WRAPPER_EXTENSION = octest;
			};
			name = Release;
		};
		C3BDB97A174D705300453A40 /* Debug */ = {
			isa = XCBuildConfiguration;
			buildSettings = {
				ALWAYS_SEARCH_USER_PATHS = NO;
				CLANG_CXX_LANGUAGE_STANDARD = "gnu++0x";
				CLANG_CXX_LIBRARY = "libc++";
				CLANG_ENABLE_OBJC_ARC = YES;
				CLANG_WARN_CONSTANT_CONVERSION = YES;
				CLANG_WARN_EMPTY_BODY = YES;
				CLANG_WARN_ENUM_CONVERSION = YES;
				CLANG_WARN_INT_CONVERSION = YES;
				CLANG_WARN_UNREACHABLE_CODE = YES;
				CLANG_WARN__DUPLICATE_METHOD_MATCH = YES;
				COPY_PHASE_STRIP = NO;
				ENABLE_STRICT_OBJC_MSGSEND = YES;
				"EXCLUDED_ARCHS[sdk=iphonesimulator*]" = arm64;
				GCC_C_LANGUAGE_STANDARD = gnu99;
				GCC_DYNAMIC_NO_PIC = NO;
				GCC_OPTIMIZATION_LEVEL = 0;
				GCC_PREPROCESSOR_DEFINITIONS = (
					"DEBUG=1",
					"$(inherited)",
				);
				GCC_SYMBOLS_PRIVATE_EXTERN = NO;
				GCC_WARN_ABOUT_RETURN_TYPE = YES;
				GCC_WARN_UNINITIALIZED_AUTOS = YES;
				GCC_WARN_UNUSED_VARIABLE = YES;
				IPHONEOS_DEPLOYMENT_TARGET = 8.0;
				ONLY_ACTIVE_ARCH = YES;
				OTHER_CFLAGS = "-fembed-bitcode";
				SDKROOT = iphoneos;
			};
			name = Debug;
		};
		C3BDB97B174D705300453A40 /* Release */ = {
			isa = XCBuildConfiguration;
			buildSettings = {
				ALWAYS_SEARCH_USER_PATHS = NO;
				CLANG_CXX_LANGUAGE_STANDARD = "gnu++0x";
				CLANG_CXX_LIBRARY = "libc++";
				CLANG_ENABLE_OBJC_ARC = YES;
				CLANG_WARN_CONSTANT_CONVERSION = YES;
				CLANG_WARN_EMPTY_BODY = YES;
				CLANG_WARN_ENUM_CONVERSION = YES;
				CLANG_WARN_INT_CONVERSION = YES;
				CLANG_WARN_UNREACHABLE_CODE = YES;
				CLANG_WARN__DUPLICATE_METHOD_MATCH = YES;
				COPY_PHASE_STRIP = YES;
				ENABLE_STRICT_OBJC_MSGSEND = YES;
				"EXCLUDED_ARCHS[sdk=iphonesimulator*]" = arm64;
				GCC_C_LANGUAGE_STANDARD = gnu99;
				GCC_PREPROCESSOR_DEFINITIONS = "NS_BLOCK_ASSERTIONS=1";
				GCC_WARN_ABOUT_RETURN_TYPE = YES;
				GCC_WARN_UNINITIALIZED_AUTOS = YES;
				GCC_WARN_UNUSED_VARIABLE = YES;
				IPHONEOS_DEPLOYMENT_TARGET = 8.0;
				OTHER_CFLAGS = "-fembed-bitcode";
				SDKROOT = iphoneos;
				VALIDATE_PRODUCT = YES;
			};
			name = Release;
		};
		C3BDB97D174D705300453A40 /* Debug */ = {
			isa = XCBuildConfiguration;
			buildSettings = {
				DSTROOT = /tmp/eftl.dst;
				ENABLE_BITCODE = YES;
				GCC_PRECOMPILE_PREFIX_HEADER = NO;
				GCC_PREFIX_HEADER = "";
				ONLY_ACTIVE_ARCH = NO;
				OTHER_LDFLAGS = "-ObjC";
				PRODUCT_NAME = "$(TARGET_NAME)";
				SKIP_INSTALL = YES;
			};
			name = Debug;
		};
		C3BDB97E174D705300453A40 /* Release */ = {
			isa = XCBuildConfiguration;
			buildSettings = {
				DSTROOT = /tmp/eftl.dst;
				ENABLE_BITCODE = YES;
				GCC_PRECOMPILE_PREFIX_HEADER = NO;
				GCC_PREFIX_HEADER = "";
				OTHER_LDFLAGS = "-ObjC";
				PRODUCT_NAME = "$(TARGET_NAME)";
				SKIP_INSTALL = YES;
			};
			name = Release;
		};
/* End XCBuildConfiguration section */

/* Begin XCConfigurationList section */
		BF11E843174D93BF00A52E85 /* Build configuration list for PBXAggregateTarget "eftl-iOS" */ = {
			isa = XCConfigurationList;
			buildConfigurations = (
				BF11E841174D93BF00A52E85 /* Debug */,
				BF11E842174D93BF00A52E85 /* Release */,
			);
			defaultConfigurationIsVisible = 0;
			defaultConfigurationName = Release;
		};
		BF4526241776656200BCA5C8 /* Build configuration list for PBXNativeTarget "eftl-tests" */ = {
			isa = XCConfigurationList;
			buildConfigurations = (
				BF4526221776656200BCA5C8 /* Debug */,
				BF4526231776656200BCA5C8 /* Release */,
			);
			defaultConfigurationIsVisible = 0;
			defaultConfigurationName = Release;
		};
		C3BDB969174D705300453A40 /* Build configuration list for PBXProject "eftl" */ = {
			isa = XCConfigurationList;
			buildConfigurations = (
				C3BDB97A174D705300453A40 /* Debug */,
				C3BDB97B174D705300453A40 /* Release */,
			);
			defaultConfigurationIsVisible = 0;
			defaultConfigurationName = Release;
		};
		C3BDB97C174D705300453A40 /* Build configuration list for PBXNativeTarget "eftl" */ = {
			isa = XCConfigurationList;
			buildConfigurations = (
				C3BDB97D174D705300453A40 /* Debug */,
				C3BDB97E174D705300453A40 /* Release */,
			);
			defaultConfigurationIsVisible = 0;
			defaultConfigurationName = Release;
		};
/* End XCConfigurationList section */
	};
	rootObject = C3BDB966174D705300453A40 /* Project object */;
}
